
Microsoft Visual Studio Solution File, Format Version 12.00
# Visual Studio 14
VisualStudioVersion = 14.0.25420.1
MinimumVisualStudioVersion = 10.0.40219.1
Project("{FAE04EC0-301F-11D3-BF4B-00C04F79EFBC}") = "Небезопасный код", "Небезопасный код\Небезопасный код.csproj", "{340B04B0-A88C-4109-9C3C-937C2C45CE2A}"
EndProject
Project("{FAE04EC0-301F-11D3-BF4B-00C04F79EFBC}") = "Задание12ПавловскаяWPF", "Задание12ПавловскаяWPF\Задание12ПавловскаяWPF.csproj", "{0FCFA8CA-A88E-41BD-AA56-9063E3C08E73}"
EndProject
Project("{FAE04EC0-301F-11D3-BF4B-00C04F79EFBC}") = "CollectionFunctions", "CollectionFunctions\CollectionFunctions.csproj", "{D964F6E9-599D-4009-BF6C-32186A3B1917}"
EndProject
Global
	GlobalSection(SolutionConfigurationPlatforms) = preSolution
		Debug|Any CPU = Debug|Any CPU
		Release|Any CPU = Release|Any CPU
	EndGlobalSection
	GlobalSection(ProjectConfigurationPlatforms) = postSolution
		{340B04B0-A88C-4109-9C3C-937C2C45CE2A}.Debug|Any CPU.ActiveCfg = Debug|Any CPU
		{340B04B0-A88C-4109-9C3C-937C2C45CE2A}.Debug|Any CPU.Build.0 = Debug|Any CPU
		{340B04B0-A88C-4109-9C3C-937C2C45CE2A}.Release|Any CPU.ActiveCfg = Release|Any CPU
		{340B04B0-A88C-4109-9C3C-937C2C45CE2A}.Release|Any CPU.Build.0 = Release|Any CPU
		{0FCFA8CA-A88E-41BD-AA56-9063E3C08E73}.Debug|Any CPU.ActiveCfg = Debug|Any CPU
		{0FCFA8CA-A88E-41BD-AA56-9063E3C08E73}.Debug|Any CPU.Build.0 = Debug|Any CPU
		{0FCFA8CA-A88E-41BD-AA56-9063E3C08E73}.Release|Any CPU.ActiveCfg = Release|Any CPU
		{0FCFA8CA-A88E-41BD-AA56-9063E3C08E73}.Release|Any CPU.Build.0 = Release|Any CPU
		{D964F6E9-599D-4009-BF6C-32186A3B1917}.Debug|Any CPU.ActiveCfg = Debug|Any CPU
		{D964F6E9-599D-4009-BF6C-32186A3B1917}.Debug|Any CPU.Build.0 = Debug|Any CPU
		{D964F6E9-599D-4009-BF6C-32186A3B1917}.Release|Any CPU.ActiveCfg = Release|Any CPU
		{D964F6E9-599D-4009-BF6C-32186A3B1917}.Release|Any CPU.Build.0 = Release|Any CPU
	EndGlobalSection
	GlobalSection(SolutionProperties) = preSolution
		HideSolutionNode = FALSE
	EndGlobalSection
EndGlobal
